
Microsoft Visual Studio Solution File, Format Version 12.00
# Visual Studio Version 17
VisualStudioVersion = 17.10.35027.167
MinimumVisualStudioVersion = 10.0.40219.1
Project("{9A19103F-16F7-4668-BE54-9A1E7A4F7556}") = "TestSelectRecords.Module", "TestSelectRecords.Module\TestSelectRecords.Module.csproj", "{834C8434-3388-4707-BBF6-AD5C1FD29313}"
EndProject
Project("{9A19103F-16F7-4668-BE54-9A1E7A4F7556}") = "TestSelectRecords.Win", "TestSelectRecords.Win\TestSelectRecords.Win.csproj", "{53B59F26-4283-4B12-978F-4B18574CFB9B}"
EndProject
Project("{9A19103F-16F7-4668-BE54-9A1E7A4F7556}") = "TestSelectRecords.Blazor.Server", "TestSelectRecords.Blazor.Server\TestSelectRecords.Blazor.Server.csproj", "{34F37C27-3747-433F-BC15-8F720C7D5344}"
EndProject
Global
	GlobalSection(SolutionConfigurationPlatforms) = preSolution
		Debug|Any CPU = Debug|Any CPU
		EasyTest|Any CPU = EasyTest|Any CPU
		Release|Any CPU = Release|Any CPU
	EndGlobalSection
	GlobalSection(ProjectConfigurationPlatforms) = postSolution
		{834C8434-3388-4707-BBF6-AD5C1FD29313}.Debug|Any CPU.ActiveCfg = Debug|Any CPU
		{834C8434-3388-4707-BBF6-AD5C1FD29313}.Debug|Any CPU.Build.0 = Debug|Any CPU
		{834C8434-3388-4707-BBF6-AD5C1FD29313}.EasyTest|Any CPU.ActiveCfg = EasyTest|Any CPU
		{834C8434-3388-4707-BBF6-AD5C1FD29313}.EasyTest|Any CPU.Build.0 = EasyTest|Any CPU
		{834C8434-3388-4707-BBF6-AD5C1FD29313}.Release|Any CPU.ActiveCfg = Release|Any CPU
		{834C8434-3388-4707-BBF6-AD5C1FD29313}.Release|Any CPU.Build.0 = Release|Any CPU
		{53B59F26-4283-4B12-978F-4B18574CFB9B}.Debug|Any CPU.ActiveCfg = Debug|Any CPU
		{53B59F26-4283-4B12-978F-4B18574CFB9B}.Debug|Any CPU.Build.0 = Debug|Any CPU
		{53B59F26-4283-4B12-978F-4B18574CFB9B}.EasyTest|Any CPU.ActiveCfg = EasyTest|Any CPU
		{53B59F26-4283-4B12-978F-4B18574CFB9B}.EasyTest|Any CPU.Build.0 = EasyTest|Any CPU
		{53B59F26-4283-4B12-978F-4B18574CFB9B}.Release|Any CPU.ActiveCfg = Release|Any CPU
		{53B59F26-4283-4B12-978F-4B18574CFB9B}.Release|Any CPU.Build.0 = Release|Any CPU
		{34F37C27-3747-433F-BC15-8F720C7D5344}.Debug|Any CPU.ActiveCfg = Debug|Any CPU
		{34F37C27-3747-433F-BC15-8F720C7D5344}.Debug|Any CPU.Build.0 = Debug|Any CPU
		{34F37C27-3747-433F-BC15-8F720C7D5344}.EasyTest|Any CPU.ActiveCfg = EasyTest|Any CPU
		{34F37C27-3747-433F-BC15-8F720C7D5344}.EasyTest|Any CPU.Build.0 = EasyTest|Any CPU
		{34F37C27-3747-433F-BC15-8F720C7D5344}.Release|Any CPU.ActiveCfg = Release|Any CPU
		{34F37C27-3747-433F-BC15-8F720C7D5344}.Release|Any CPU.Build.0 = Release|Any CPU
	EndGlobalSection
	GlobalSection(SolutionProperties) = preSolution
		HideSolutionNode = FALSE
	EndGlobalSection
	GlobalSection(ExtensibilityGlobals) = postSolution
		SolutionGuid = {FDA88EDF-9E0D-4EE4-8BE3-B73F3ADA66FD}
	EndGlobalSection
EndGlobal
